// !$*UTF8*$!
{
	archiveVersion = 1;
	classes = {
	};
	objectVersion = 46;
	objects = {

/* Begin PBXBuildFile section */
		D0527D1C1D761C3600E50924 /* Post.swift in Sources */ = {isa = PBXBuildFile; fileRef = D0527D1B1D761C3600E50924 /* Post.swift */; };
		D0527D1E1D761C4100E50924 /* PostController.swift in Sources */ = {isa = PBXBuildFile; fileRef = D0527D1D1D761C4100E50924 /* PostController.swift */; };
		D0527D201D761C5300E50924 /* PostsTableViewController.swift in Sources */ = {isa = PBXBuildFile; fileRef = D0527D1F1D761C5300E50924 /* PostsTableViewController.swift */; };
		D0527D251D761D8300E50924 /* NetworkController.swift in Sources */ = {isa = PBXBuildFile; fileRef = D0527D241D761D8300E50924 /* NetworkController.swift */; };
		D07E1BA31D75DDF200C9D752 /* AppDelegate.swift in Sources */ = {isa = PBXBuildFile; fileRef = D07E1BA21D75DDF200C9D752 /* AppDelegate.swift */; };
		D07E1BA81D75DDF200C9D752 /* Main.storyboard in Resources */ = {isa = PBXBuildFile; fileRef = D07E1BA61D75DDF200C9D752 /* Main.storyboard */; };
		D07E1BAA1D75DDF200C9D752 /* Assets.xcassets in Resources */ = {isa = PBXBuildFile; fileRef = D07E1BA91D75DDF200C9D752 /* Assets.xcassets */; };
		D07E1BAD1D75DDF200C9D752 /* LaunchScreen.storyboard in Resources */ = {isa = PBXBuildFile; fileRef = D07E1BAB1D75DDF200C9D752 /* LaunchScreen.storyboard */; };
/* End PBXBuildFile section */

/* Begin PBXFileReference section */
		D0527D1B1D761C3600E50924 /* Post.swift */ = {isa = PBXFileReference; fileEncoding = 4; lastKnownFileType = sourcecode.swift; path = Post.swift; sourceTree = "<group>"; };
		D0527D1D1D761C4100E50924 /* PostController.swift */ = {isa = PBXFileReference; fileEncoding = 4; lastKnownFileType = sourcecode.swift; path = PostController.swift; sourceTree = "<group>"; };
		D0527D1F1D761C5300E50924 /* PostsTableViewController.swift */ = {isa = PBXFileReference; fileEncoding = 4; lastKnownFileType = sourcecode.swift; path = PostsTableViewController.swift; sourceTree = "<group>"; };
		D0527D241D761D8300E50924 /* NetworkController.swift */ = {isa = PBXFileReference; fileEncoding = 4; lastKnownFileType = sourcecode.swift; path = NetworkController.swift; sourceTree = "<group>"; };
		D07E1B9F1D75DDF200C9D752 /* Post.app */ = {isa = PBXFileReference; explicitFileType = wrapper.application; includeInIndex = 0; path = Post.app; sourceTree = BUILT_PRODUCTS_DIR; };
		D07E1BA21D75DDF200C9D752 /* AppDelegate.swift */ = {isa = PBXFileReference; lastKnownFileType = sourcecode.swift; path = AppDelegate.swift; sourceTree = "<group>"; };
		D07E1BA71D75DDF200C9D752 /* Base */ = {isa = PBXFileReference; lastKnownFileType = file.storyboard; name = Base; path = Base.lproj/Main.storyboard; sourceTree = "<group>"; };
		D07E1BA91D75DDF200C9D752 /* Assets.xcassets */ = {isa = PBXFileReference; lastKnownFileType = folder.assetcatalog; path = Assets.xcassets; sourceTree = "<group>"; };
		D07E1BAC1D75DDF200C9D752 /* Base */ = {isa = PBXFileReference; lastKnownFileType = file.storyboard; name = Base; path = Base.lproj/LaunchScreen.storyboard; sourceTree = "<group>"; };
		D07E1BAE1D75DDF200C9D752 /* Info.plist */ = {isa = PBXFileReference; lastKnownFileType = text.plist.xml; path = Info.plist; sourceTree = "<group>"; };
/* End PBXFileReference section */

/* Begin PBXFrameworksBuildPhase section */
		D07E1B9C1D75DDF200C9D752 /* Frameworks */ = {
			isa = PBXFrameworksBuildPhase;
			buildActionMask = 2147483647;
			files = (
			);
			runOnlyForDeploymentPostprocessing = 0;
		};
/* End PBXFrameworksBuildPhase section */

/* Begin PBXGroup section */
		D0527D211D761CEE00E50924 /* Model Controller */ = {
			isa = PBXGroup;
			children = (
				D0527D1D1D761C4100E50924 /* PostController.swift */,
				D0527D241D761D8300E50924 /* NetworkController.swift */,
			);
			name = "Model Controller";
			sourceTree = "<group>";
		};
		D0527D221D761CF900E50924 /* Model */ = {
			isa = PBXGroup;
			children = (
				D0527D1B1D761C3600E50924 /* Post.swift */,
			);
			name = Model;
			sourceTree = "<group>";
		};
		D0527D231D761D0300E50924 /* View Controllers */ = {
			isa = PBXGroup;
			children = (
				D0527D1F1D761C5300E50924 /* PostsTableViewController.swift */,
			);
			name = "View Controllers";
			sourceTree = "<group>";
		};
		D07E1B961D75DDF200C9D752 = {
			isa = PBXGroup;
			children = (
				D07E1BA11D75DDF200C9D752 /* Post */,
				D07E1BA01D75DDF200C9D752 /* Products */,
			);
			sourceTree = "<group>";
		};
		D07E1BA01D75DDF200C9D752 /* Products */ = {
			isa = PBXGroup;
			children = (
				D07E1B9F1D75DDF200C9D752 /* Post.app */,
			);
			name = Products;
			sourceTree = "<group>";
		};
		D07E1BA11D75DDF200C9D752 /* Post */ = {
			isa = PBXGroup;
			children = (
				D0527D231D761D0300E50924 /* View Controllers */,
				D0527D221D761CF900E50924 /* Model */,
				D0527D211D761CEE00E50924 /* Model Controller */,
				D07E1BA21D75DDF200C9D752 /* AppDelegate.swift */,
				D07E1BA61D75DDF200C9D752 /* Main.storyboard */,
				D07E1BA91D75DDF200C9D752 /* Assets.xcassets */,
				D07E1BAB1D75DDF200C9D752 /* LaunchScreen.storyboard */,
				D07E1BAE1D75DDF200C9D752 /* Info.plist */,
			);
			path = Post;
			sourceTree = "<group>";
		};
/* End PBXGroup section */

/* Begin PBXNativeTarget section */
		D07E1B9E1D75DDF200C9D752 /* Post */ = {
			isa = PBXNativeTarget;
			buildConfigurationList = D07E1BB11D75DDF200C9D752 /* Build configuration list for PBXNativeTarget "Post" */;
			buildPhases = (
				D07E1B9B1D75DDF200C9D752 /* Sources */,
				D07E1B9C1D75DDF200C9D752 /* Frameworks */,
				D07E1B9D1D75DDF200C9D752 /* Resources */,
			);
			buildRules = (
			);
			dependencies = (
			);
			name = Post;
			productName = Post;
			productReference = D07E1B9F1D75DDF200C9D752 /* Post.app */;
			productType = "com.apple.product-type.application";
		};
/* End PBXNativeTarget section */

/* Begin PBXProject section */
		D07E1B971D75DDF200C9D752 /* Project object */ = {
			isa = PBXProject;
			attributes = {
				LastSwiftUpdateCheck = 0730;
				LastUpgradeCheck = 0730;
				ORGANIZATIONNAME = "Justin Carver";
				TargetAttributes = {
					D07E1B9E1D75DDF200C9D752 = {
						CreatedOnToolsVersion = 7.3.1;
						DevelopmentTeam = CWLLFTCWHP;
					};
				};
			};
			buildConfigurationList = D07E1B9A1D75DDF200C9D752 /* Build configuration list for PBXProject "Post" */;
			compatibilityVersion = "Xcode 3.2";
			developmentRegion = English;
			hasScannedForEncodings = 0;
			knownRegions = (
				en,
				Base,
			);
			mainGroup = D07E1B961D75DDF200C9D752;
			productRefGroup = D07E1BA01D75DDF200C9D752 /* Products */;
			projectDirPath = "";
			projectRoot = "";
			targets = (
				D07E1B9E1D75DDF200C9D752 /* Post */,
			);
		};
/* End PBXProject section */

/* Begin PBXResourcesBuildPhase section */
		D07E1B9D1D75DDF200C9D752 /* Resources */ = {
			isa = PBXResourcesBuildPhase;
			buildActionMask = 2147483647;
			files = (
				D07E1BAD1D75DDF200C9D752 /* LaunchScreen.storyboard in Resources */,
				D07E1BAA1D75DDF200C9D752 /* Assets.xcassets in Resources */,
				D07E1BA81D75DDF200C9D752 /* Main.storyboard in Resources */,
			);
			runOnlyForDeploymentPostprocessing = 0;
		};
/* End PBXResourcesBuildPhase section */

/* Begin PBXSourcesBuildPhase section */
		D07E1B9B1D75DDF200C9D752 /* Sources */ = {
			isa = PBXSourcesBuildPhase;
			buildActionMask = 2147483647;
			files = (
				D0527D251D761D8300E50924 /* NetworkController.swift in Sources */,
				D07E1BA31D75DDF200C9D752 /* AppDelegate.swift in Sources */,
				D0527D201D761C5300E50924 /* PostsTableViewController.swift in Sources */,
				D0527D1C1D761C3600E50924 /* Post.swift in Sources */,
				D0527D1E1D761C4100E50924 /* PostController.swift in Sources */,
			);
			runOnlyForDeploymentPostprocessing = 0;
		};
/* End PBXSourcesBuildPhase section */

/* Begin PBXVariantGroup section */
		D07E1BA61D75DDF200C9D752 /* Main.storyboard */ = {
			isa = PBXVariantGroup;
			children = (
				D07E1BA71D75DDF200C9D752 /* Base */,
			);
			name = Main.storyboard;
			sourceTree = "<group>";
		};
		D07E1BAB1D75DDF200C9D752 /* LaunchScreen.storyboard */ = {
			isa = PBXVariantGroup;
			children = (
				D07E1BAC1D75DDF200C9D752 /* Base */,
			);
			name = LaunchScreen.storyboard;
			sourceTree = "<group>";
		};
/* End PBXVariantGroup section */

/* Begin XCBuildConfiguration section */
		D07E1BAF1D75DDF200C9D752 /* Debug */ = {
			isa = XCBuildConfiguration;
			buildSettings = {
				ALWAYS_SEARCH_USER_PATHS = NO;
				CLANG_ANALYZER_NONNULL = YES;
				CLANG_CXX_LANGUAGE_STANDARD = "gnu++0x";
				CLANG_CXX_LIBRARY = "libc++";
				CLANG_ENABLE_MODULES = YES;
				CLANG_ENABLE_OBJC_ARC = YES;
				CLANG_WARN_BOOL_CONVERSION = YES;
				CLANG_WARN_CONSTANT_CONVERSION = YES;
				CLANG_WARN_DIRECT_OBJC_ISA_USAGE = YES_ERROR;
				CLANG_WARN_EMPTY_BODY = YES;
				CLANG_WARN_ENUM_CONVERSION = YES;
				CLANG_WARN_INT_CONVERSION = YES;
				CLANG_WARN_OBJC_ROOT_CLASS = YES_ERROR;
				CLANG_WARN_UNREACHABLE_CODE = YES;
				CLANG_WARN__DUPLICATE_METHOD_MATCH = YES;
				"CODE_SIGN_IDENTITY[sdk=iphoneos*]" = "iPhone Developer";
				COPY_PHASE_STRIP = NO;
				DEBUG_INFORMATION_FORMAT = dwarf;
				ENABLE_STRICT_OBJC_MSGSEND = YES;
				ENABLE_TESTABILITY = YES;
				GCC_C_LANGUAGE_STANDARD = gnu99;
				GCC_DYNAMIC_NO_PIC = NO;
				GCC_NO_COMMON_BLOCKS = YES;
				GCC_OPTIMIZATION_LEVEL = 0;
				GCC_PREPROCESSOR_DEFINITIONS = (
					"DEBUG=1",
					"$(inherited)",
				);
				GCC_WARN_64_TO_32_BIT_CONVERSION = YES;
				GCC_WARN_ABOUT_RETURN_TYPE = YES_ERROR;
				GCC_WARN_UNDECLARED_SELECTOR = YES;
				GCC_WARN_UNINITIALIZED_AUTOS = YES_AGGRESSIVE;
				GCC_WARN_UNUSED_FUNCTION = YES;
				GCC_WARN_UNUSED_VARIABLE = YES;
				IPHONEOS_DEPLOYMENT_TARGET = 9.3;
				MTL_ENABLE_DEBUG_INFO = YES;
				ONLY_ACTIVE_ARCH = YES;
				SDKROOT = iphoneos;
				SWIFT_OPTIMIZATION_LEVEL = "-Onone";
				TARGETED_DEVICE_FAMILY = "1,2";
			};
			name = Debug;
		};
		D07E1BB01D75DDF200C9D752 /* Release */ = {
			isa = XCBuildConfiguration;
			buildSettings = {
				ALWAYS_SEARCH_USER_PATHS = NO;
				CLANG_ANALYZER_NONNULL = YES;
				CLANG_CXX_LANGUAGE_STANDARD = "gnu++0x";
				CLANG_CXX_LIBRARY = "libc++";
				CLANG_ENABLE_MODULES = YES;
				CLANG_ENABLE_OBJC_ARC = YES;
				CLANG_WARN_BOOL_CONVERSION = YES;
				CLANG_WARN_CONSTANT_CONVERSION = YES;
				CLANG_WARN_DIRECT_OBJC_ISA_USAGE = YES_ERROR;
				CLANG_WARN_EMPTY_BODY = YES;
				CLANG_WARN_ENUM_CONVERSION = YES;
				CLANG_WARN_INT_CONVERSION = YES;
				CLANG_WARN_OBJC_ROOT_CLASS = YES_ERROR;
				CLANG_WARN_UNREACHABLE_CODE = YES;
				CLANG_WARN__DUPLICATE_METHOD_MATCH = YES;
				"CODE_SIGN_IDENTITY[sdk=iphoneos*]" = "iPhone Developer";
				COPY_PHASE_STRIP = NO;
				DEBUG_INFORMATION_FORMAT = "dwarf-with-dsym";
				ENABLE_NS_ASSERTIONS = NO;
				ENABLE_STRICT_OBJC_MSGSEND = YES;
				GCC_C_LANGUAGE_STANDARD = gnu99;
				GCC_NO_COMMON_BLOCKS = YES;
				GCC_WARN_64_TO_32_BIT_CONVERSION = YES;
				GCC_WARN_ABOUT_RETURN_TYPE = YES_ERROR;
				GCC_WARN_UNDECLARED_SELECTOR = YES;
				GCC_WARN_UNINITIALIZED_AUTOS = YES_AGGRESSIVE;
				GCC_WARN_UNUSED_FUNCTION = YES;
				GCC_WARN_UNUSED_VARIABLE = YES;
				IPHONEOS_DEPLOYMENT_TARGET = 9.3;
				MTL_ENABLE_DEBUG_INFO = NO;
				SDKROOT = iphoneos;
				TARGETED_DEVICE_FAMILY = "1,2";
				VALIDATE_PRODUCT = YES;
			};
			name = Release;
		};
		D07E1BB21D75DDF200C9D752 /* Debug */ = {
			isa = XCBuildConfiguration;
			buildSettings = {
				ASSETCATALOG_COMPILER_APPICON_NAME = AppIcon;
				INFOPLIST_FILE = Post/Info.plist;
				LD_RUNPATH_SEARCH_PATHS = "$(inherited) @executable_path/Frameworks";
				PRODUCT_BUNDLE_IDENTIFIER = com.JustinCarver.Post;
				PRODUCT_NAME = "$(TARGET_NAME)";
			};
			name = Debug;
		};
		D07E1BB31D75DDF200C9D752 /* Release */ = {
			isa = XCBuildConfiguration;
			buildSettings = {
				ASSETCATALOG_COMPILER_APPICON_NAME = AppIcon;
				INFOPLIST_FILE = Post/Info.plist;
				LD_RUNPATH_SEARCH_PATHS = "$(inherited) @executable_path/Frameworks";
				PRODUCT_BUNDLE_IDENTIFIER = com.JustinCarver.Post;
				PRODUCT_NAME = "$(TARGET_NAME)";
			};
			name = Release;
		};
/* End XCBuildConfiguration section */

/* Begin XCConfigurationList section */
		D07E1B9A1D75DDF200C9D752 /* Build configuration list for PBXProject "Post" */ = {
			isa = XCConfigurationList;
			buildConfigurations = (
				D07E1BAF1D75DDF200C9D752 /* Debug */,
				D07E1BB01D75DDF200C9D752 /* Release */,
			);
			defaultConfigurationIsVisible = 0;
			defaultConfigurationName = Release;
		};
		D07E1BB11D75DDF200C9D752 /* Build configuration list for PBXNativeTarget "Post" */ = {
			isa = XCConfigurationList;
			buildConfigurations = (
				D07E1BB21D75DDF200C9D752 /* Debug */,
				D07E1BB31D75DDF200C9D752 /* Release */,
			);
			defaultConfigurationIsVisible = 0;
			defaultConfigurationName = Release;
		};
/* End XCConfigurationList section */
	};
	rootObject = D07E1B971D75DDF200C9D752 /* Project object */;
}
